// !$*UTF8*$!
{
	archiveVersion = 1;
	classes = {
	};
	objectVersion = 46;
	objects = {

/* Begin PBXBuildFile section */
		CE060D1D1CB190BE001FA9B9 /* LessonCollectionHeader.swift in Sources */ = {isa = PBXBuildFile; fileRef = CE060D1C1CB190BE001FA9B9 /* LessonCollectionHeader.swift */; };
		CE136E341D983EEE001851AB /* TutorialEndViewController.swift in Sources */ = {isa = PBXBuildFile; fileRef = CE136E331D983EEE001851AB /* TutorialEndViewController.swift */; };
		CE2EA3761CA9A99700135AC8 /* TutorialPageController.swift in Sources */ = {isa = PBXBuildFile; fileRef = CE2EA3751CA9A99700135AC8 /* TutorialPageController.swift */; };
		CE323A9D1D97CC6D0084815A /* LessonMiniature.swift in Sources */ = {isa = PBXBuildFile; fileRef = CE323A9C1D97CC6D0084815A /* LessonMiniature.swift */; };
		CE335F091CBA2C9000A32355 /* HelpDrawingView.swift in Sources */ = {isa = PBXBuildFile; fileRef = CE335F081CBA2C9000A32355 /* HelpDrawingView.swift */; };
		CE38BF771CD90EEB00E6A31C /* ColorPalette.swift in Sources */ = {isa = PBXBuildFile; fileRef = CE38BF761CD90EEB00E6A31C /* ColorPalette.swift */; };
		CE4E351E1CB024D900420A25 /* Lesson.swift in Sources */ = {isa = PBXBuildFile; fileRef = CE4E351D1CB024D900420A25 /* Lesson.swift */; };
		CE58DF9F1D997DF200D1400C /* NoteView.swift in Sources */ = {isa = PBXBuildFile; fileRef = CE58DF9E1D997DF200D1400C /* NoteView.swift */; };
		CE7393C71CAEB8DD00DFCEED /* Audio in Resources */ = {isa = PBXBuildFile; fileRef = CE7393C61CAEB8DD00DFCEED /* Audio */; };
		CE77223E1CAAF3EC00D26F33 /* LessonCollectionViewController.swift in Sources */ = {isa = PBXBuildFile; fileRef = CE77223D1CAAF3EC00D26F33 /* LessonCollectionViewController.swift */; };
		CE7722421CAAFCEA00D26F33 /* NotesLibrary.swift in Sources */ = {isa = PBXBuildFile; fileRef = CE7722411CAAFCEA00D26F33 /* NotesLibrary.swift */; };
		CEB104BD1CA958CC0057D49E /* TutorialViewController.swift in Sources */ = {isa = PBXBuildFile; fileRef = CEB104BC1CA958CC0057D49E /* TutorialViewController.swift */; };
		CEB104C31CA9855C0057D49E /* StemDrawingView.swift in Sources */ = {isa = PBXBuildFile; fileRef = CEB104C21CA9855C0057D49E /* StemDrawingView.swift */; };
		CEBE3F9B1CAFB09C00C87B5A /* LessonCollectionCell.swift in Sources */ = {isa = PBXBuildFile; fileRef = CEBE3F9A1CAFB09C00C87B5A /* LessonCollectionCell.swift */; };
		CEC1D4B81C9C651600C29666 /* AppDelegate.swift in Sources */ = {isa = PBXBuildFile; fileRef = CEC1D4B71C9C651600C29666 /* AppDelegate.swift */; };
		CEC1D4BA1C9C651600C29666 /* BasicClefViewController.swift in Sources */ = {isa = PBXBuildFile; fileRef = CEC1D4B91C9C651600C29666 /* BasicClefViewController.swift */; };
		CEC1D4BD1C9C651600C29666 /* Main.storyboard in Resources */ = {isa = PBXBuildFile; fileRef = CEC1D4BB1C9C651600C29666 /* Main.storyboard */; };
		CEC1D4C21C9C651600C29666 /* Assets.xcassets in Resources */ = {isa = PBXBuildFile; fileRef = CEC1D4C11C9C651600C29666 /* Assets.xcassets */; };
		CEC1D4C51C9C651600C29666 /* LaunchScreen.storyboard in Resources */ = {isa = PBXBuildFile; fileRef = CEC1D4C31C9C651600C29666 /* LaunchScreen.storyboard */; };
		CEC9BD5E1D8598CC00953AAC /* LessonViewController.swift in Sources */ = {isa = PBXBuildFile; fileRef = CEC9BD5D1D8598CC00953AAC /* LessonViewController.swift */; };
		CED1A6D01D4E22690063E9B3 /* LessonPlan.swift in Sources */ = {isa = PBXBuildFile; fileRef = CED1A6CF1D4E22690063E9B3 /* LessonPlan.swift */; };
		CEE551361D9B85FC0041F618 /* StaffDrawingView.swift in Sources */ = {isa = PBXBuildFile; fileRef = CEE551351D9B85FC0041F618 /* StaffDrawingView.swift */; };
/* End PBXBuildFile section */

/* Begin PBXFileReference section */
		CE060D1C1CB190BE001FA9B9 /* LessonCollectionHeader.swift */ = {isa = PBXFileReference; fileEncoding = 4; lastKnownFileType = sourcecode.swift; path = LessonCollectionHeader.swift; sourceTree = "<group>"; };
		CE136E331D983EEE001851AB /* TutorialEndViewController.swift */ = {isa = PBXFileReference; fileEncoding = 4; lastKnownFileType = sourcecode.swift; path = TutorialEndViewController.swift; sourceTree = "<group>"; };
		CE2EA3751CA9A99700135AC8 /* TutorialPageController.swift */ = {isa = PBXFileReference; fileEncoding = 4; lastKnownFileType = sourcecode.swift; path = TutorialPageController.swift; sourceTree = "<group>"; };
		CE323A9C1D97CC6D0084815A /* LessonMiniature.swift */ = {isa = PBXFileReference; fileEncoding = 4; lastKnownFileType = sourcecode.swift; path = LessonMiniature.swift; sourceTree = "<group>"; };
		CE335F081CBA2C9000A32355 /* HelpDrawingView.swift */ = {isa = PBXFileReference; fileEncoding = 4; lastKnownFileType = sourcecode.swift; path = HelpDrawingView.swift; sourceTree = "<group>"; };
		CE38BF761CD90EEB00E6A31C /* ColorPalette.swift */ = {isa = PBXFileReference; fileEncoding = 4; lastKnownFileType = sourcecode.swift; path = ColorPalette.swift; sourceTree = "<group>"; };
		CE3F91C01D16BD3400AD54CA /* Note Master 9000.app */ = {isa = PBXFileReference; explicitFileType = wrapper.application; includeInIndex = 0; path = "Note Master 9000.app"; sourceTree = BUILT_PRODUCTS_DIR; };
		CE4E351D1CB024D900420A25 /* Lesson.swift */ = {isa = PBXFileReference; fileEncoding = 4; lastKnownFileType = sourcecode.swift; path = Lesson.swift; sourceTree = "<group>"; };
		CE58DF9E1D997DF200D1400C /* NoteView.swift */ = {isa = PBXFileReference; fileEncoding = 4; lastKnownFileType = sourcecode.swift; path = NoteView.swift; sourceTree = "<group>"; };
		CE7393C61CAEB8DD00DFCEED /* Audio */ = {isa = PBXFileReference; lastKnownFileType = folder; path = Audio; sourceTree = "<group>"; };
		CE77223D1CAAF3EC00D26F33 /* LessonCollectionViewController.swift */ = {isa = PBXFileReference; fileEncoding = 4; lastKnownFileType = sourcecode.swift; path = LessonCollectionViewController.swift; sourceTree = "<group>"; };
		CE7722411CAAFCEA00D26F33 /* NotesLibrary.swift */ = {isa = PBXFileReference; fileEncoding = 4; lastKnownFileType = sourcecode.swift; path = NotesLibrary.swift; sourceTree = "<group>"; };
		CEB104BC1CA958CC0057D49E /* TutorialViewController.swift */ = {isa = PBXFileReference; fileEncoding = 4; lastKnownFileType = sourcecode.swift; path = TutorialViewController.swift; sourceTree = "<group>"; };
		CEB104C21CA9855C0057D49E /* StemDrawingView.swift */ = {isa = PBXFileReference; fileEncoding = 4; lastKnownFileType = sourcecode.swift; path = StemDrawingView.swift; sourceTree = "<group>"; };
		CEBE3F9A1CAFB09C00C87B5A /* LessonCollectionCell.swift */ = {isa = PBXFileReference; fileEncoding = 4; lastKnownFileType = sourcecode.swift; path = LessonCollectionCell.swift; sourceTree = "<group>"; };
		CEC1D4B71C9C651600C29666 /* AppDelegate.swift */ = {isa = PBXFileReference; lastKnownFileType = sourcecode.swift; path = AppDelegate.swift; sourceTree = "<group>"; };
		CEC1D4B91C9C651600C29666 /* BasicClefViewController.swift */ = {isa = PBXFileReference; lastKnownFileType = sourcecode.swift; path = BasicClefViewController.swift; sourceTree = "<group>"; };
		CEC1D4BC1C9C651600C29666 /* Base */ = {isa = PBXFileReference; lastKnownFileType = file.storyboard; name = Base; path = Base.lproj/Main.storyboard; sourceTree = "<group>"; };
		CEC1D4C11C9C651600C29666 /* Assets.xcassets */ = {isa = PBXFileReference; lastKnownFileType = folder.assetcatalog; path = Assets.xcassets; sourceTree = "<group>"; };
		CEC1D4C41C9C651600C29666 /* Base */ = {isa = PBXFileReference; lastKnownFileType = file.storyboard; name = Base; path = Base.lproj/LaunchScreen.storyboard; sourceTree = "<group>"; };
		CEC1D4C61C9C651600C29666 /* Info.plist */ = {isa = PBXFileReference; lastKnownFileType = text.plist.xml; path = Info.plist; sourceTree = "<group>"; };
		CEC9BD5D1D8598CC00953AAC /* LessonViewController.swift */ = {isa = PBXFileReference; fileEncoding = 4; lastKnownFileType = sourcecode.swift; path = LessonViewController.swift; sourceTree = "<group>"; };
		CED1A6CF1D4E22690063E9B3 /* LessonPlan.swift */ = {isa = PBXFileReference; fileEncoding = 4; lastKnownFileType = sourcecode.swift; path = LessonPlan.swift; sourceTree = "<group>"; };
		CEE551351D9B85FC0041F618 /* StaffDrawingView.swift */ = {isa = PBXFileReference; fileEncoding = 4; lastKnownFileType = sourcecode.swift; path = StaffDrawingView.swift; sourceTree = "<group>"; };
/* End PBXFileReference section */

/* Begin PBXFrameworksBuildPhase section */
		CEC1D4B11C9C651600C29666 /* Frameworks */ = {
			isa = PBXFrameworksBuildPhase;
			buildActionMask = 2147483647;
			files = (
			);
			runOnlyForDeploymentPostprocessing = 0;
		};
/* End PBXFrameworksBuildPhase section */

/* Begin PBXGroup section */
		CE04C50E1CAF07EA00BAB646 /* Storyboards */ = {
			isa = PBXGroup;
			children = (
				CEC1D4C31C9C651600C29666 /* LaunchScreen.storyboard */,
				CEC1D4BB1C9C651600C29666 /* Main.storyboard */,
			);
			name = Storyboards;
			sourceTree = "<group>";
		};
		CE1CD9601D6A48C000125319 /* View Subclasses */ = {
			isa = PBXGroup;
			children = (
				CEBE3F9A1CAFB09C00C87B5A /* LessonCollectionCell.swift */,
				CE323A9C1D97CC6D0084815A /* LessonMiniature.swift */,
				CE060D1C1CB190BE001FA9B9 /* LessonCollectionHeader.swift */,
				CEE551351D9B85FC0041F618 /* StaffDrawingView.swift */,
				CE58DF9E1D997DF200D1400C /* NoteView.swift */,
				CE335F081CBA2C9000A32355 /* HelpDrawingView.swift */,
			);
			name = "View Subclasses";
			sourceTree = "<group>";
		};
		CE1CD9611D6A48E000125319 /* Supporting Items */ = {
			isa = PBXGroup;
			children = (
				CE38BF761CD90EEB00E6A31C /* ColorPalette.swift */,
				CE7722411CAAFCEA00D26F33 /* NotesLibrary.swift */,
				CED1A6CF1D4E22690063E9B3 /* LessonPlan.swift */,
			);
			name = "Supporting Items";
			sourceTree = "<group>";
		};
		CE7AA0D61D99487600D11EC0 /* Deprecated */ = {
			isa = PBXGroup;
			children = (
				CEB104C21CA9855C0057D49E /* StemDrawingView.swift */,
			);
			name = Deprecated;
			sourceTree = "<group>";
		};
		CEB104BE1CA958D70057D49E /* ViewControllers */ = {
			isa = PBXGroup;
			children = (
				CE77223D1CAAF3EC00D26F33 /* LessonCollectionViewController.swift */,
				CEC9BD5D1D8598CC00953AAC /* LessonViewController.swift */,
				CEB104BC1CA958CC0057D49E /* TutorialViewController.swift */,
				CE2EA3751CA9A99700135AC8 /* TutorialPageController.swift */,
				CE136E331D983EEE001851AB /* TutorialEndViewController.swift */,
				CEC1D4B91C9C651600C29666 /* BasicClefViewController.swift */,
			);
			name = ViewControllers;
			sourceTree = "<group>";
		};
		CEB104BF1CA958EE0057D49E /* Classes */ = {
			isa = PBXGroup;
			children = (
				CE4E351D1CB024D900420A25 /* Lesson.swift */,
			);
			name = Classes;
			sourceTree = "<group>";
		};
		CEC1D4AB1C9C651600C29666 = {
			isa = PBXGroup;
			children = (
				CEC1D4B61C9C651600C29666 /* Note Master 9000 */,
				CE3F91C01D16BD3400AD54CA /* Note Master 9000.app */,
			);
			sourceTree = "<group>";
		};
		CEC1D4B61C9C651600C29666 /* Note Master 9000 */ = {
			isa = PBXGroup;
			children = (
				CEC1D4B71C9C651600C29666 /* AppDelegate.swift */,
				CEC1D4C61C9C651600C29666 /* Info.plist */,
				CEB104BE1CA958D70057D49E /* ViewControllers */,
				CE1CD9601D6A48C000125319 /* View Subclasses */,
				CEB104BF1CA958EE0057D49E /* Classes */,
				CE1CD9611D6A48E000125319 /* Supporting Items */,
				CE7AA0D61D99487600D11EC0 /* Deprecated */,
				CE04C50E1CAF07EA00BAB646 /* Storyboards */,
				CEC1D4C11C9C651600C29666 /* Assets.xcassets */,
				CE7393C61CAEB8DD00DFCEED /* Audio */,
			);
			path = "Note Master 9000";
			sourceTree = "<group>";
		};
/* End PBXGroup section */

/* Begin PBXNativeTarget section */
		CEC1D4B31C9C651600C29666 /* Note Master 9000 */ = {
			isa = PBXNativeTarget;
			buildConfigurationList = CEC1D4DF1C9C651600C29666 /* Build configuration list for PBXNativeTarget "Note Master 9000" */;
			buildPhases = (
				CEC1D4B01C9C651600C29666 /* Sources */,
				CEC1D4B11C9C651600C29666 /* Frameworks */,
				CEC1D4B21C9C651600C29666 /* Resources */,
			);
			buildRules = (
			);
			dependencies = (
			);
			name = "Note Master 9000";
			productName = "Note Master 9000";
			productReference = CE3F91C01D16BD3400AD54CA /* Note Master 9000.app */;
			productType = "com.apple.product-type.application";
		};
/* End PBXNativeTarget section */

/* Begin PBXProject section */
		CEC1D4AC1C9C651600C29666 /* Project object */ = {
			isa = PBXProject;
			attributes = {
				LastSwiftUpdateCheck = 0730;
				LastUpgradeCheck = 0800;
				ORGANIZATIONNAME = Mattijah;
				TargetAttributes = {
					CEC1D4B31C9C651600C29666 = {
						CreatedOnToolsVersion = 7.2.1;
						DevelopmentTeam = MHY8D43JSU;
						LastSwiftMigration = 0800;
					};
				};
			};
			buildConfigurationList = CEC1D4AF1C9C651600C29666 /* Build configuration list for PBXProject "Note Master 9000" */;
			compatibilityVersion = "Xcode 3.2";
			developmentRegion = English;
			hasScannedForEncodings = 0;
			knownRegions = (
				en,
				Base,
			);
			mainGroup = CEC1D4AB1C9C651600C29666;
			productRefGroup = CEC1D4AB1C9C651600C29666;
			projectDirPath = "";
			projectRoot = "";
			targets = (
				CEC1D4B31C9C651600C29666 /* Note Master 9000 */,
			);
		};
/* End PBXProject section */

/* Begin PBXResourcesBuildPhase section */
		CEC1D4B21C9C651600C29666 /* Resources */ = {
			isa = PBXResourcesBuildPhase;
			buildActionMask = 2147483647;
			files = (
				CEC1D4C51C9C651600C29666 /* LaunchScreen.storyboard in Resources */,
				CEC1D4C21C9C651600C29666 /* Assets.xcassets in Resources */,
				CEC1D4BD1C9C651600C29666 /* Main.storyboard in Resources */,
				CE7393C71CAEB8DD00DFCEED /* Audio in Resources */,
			);
			runOnlyForDeploymentPostprocessing = 0;
		};
/* End PBXResourcesBuildPhase section */

/* Begin PBXSourcesBuildPhase section */
		CEC1D4B01C9C651600C29666 /* Sources */ = {
			isa = PBXSourcesBuildPhase;
			buildActionMask = 2147483647;
			files = (
				CED1A6D01D4E22690063E9B3 /* LessonPlan.swift in Sources */,
				CE060D1D1CB190BE001FA9B9 /* LessonCollectionHeader.swift in Sources */,
				CE323A9D1D97CC6D0084815A /* LessonMiniature.swift in Sources */,
				CEBE3F9B1CAFB09C00C87B5A /* LessonCollectionCell.swift in Sources */,
				CE136E341D983EEE001851AB /* TutorialEndViewController.swift in Sources */,
				CEB104C31CA9855C0057D49E /* StemDrawingView.swift in Sources */,
				CE58DF9F1D997DF200D1400C /* NoteView.swift in Sources */,
				CE2EA3761CA9A99700135AC8 /* TutorialPageController.swift in Sources */,
				CEC1D4BA1C9C651600C29666 /* BasicClefViewController.swift in Sources */,
				CE77223E1CAAF3EC00D26F33 /* LessonCollectionViewController.swift in Sources */,
				CE38BF771CD90EEB00E6A31C /* ColorPalette.swift in Sources */,
				CE7722421CAAFCEA00D26F33 /* NotesLibrary.swift in Sources */,
				CE335F091CBA2C9000A32355 /* HelpDrawingView.swift in Sources */,
				CE4E351E1CB024D900420A25 /* Lesson.swift in Sources */,
				CEE551361D9B85FC0041F618 /* StaffDrawingView.swift in Sources */,
				CEC1D4B81C9C651600C29666 /* AppDelegate.swift in Sources */,
				CEC9BD5E1D8598CC00953AAC /* LessonViewController.swift in Sources */,
				CEB104BD1CA958CC0057D49E /* TutorialViewController.swift in Sources */,
			);
			runOnlyForDeploymentPostprocessing = 0;
		};
/* End PBXSourcesBuildPhase section */

/* Begin PBXVariantGroup section */
		CEC1D4BB1C9C651600C29666 /* Main.storyboard */ = {
			isa = PBXVariantGroup;
			children = (
				CEC1D4BC1C9C651600C29666 /* Base */,
			);
			name = Main.storyboard;
			sourceTree = "<group>";
		};
		CEC1D4C31C9C651600C29666 /* LaunchScreen.storyboard */ = {
			isa = PBXVariantGroup;
			children = (
				CEC1D4C41C9C651600C29666 /* Base */,
			);
			name = LaunchScreen.storyboard;
			sourceTree = "<group>";
		};
/* End PBXVariantGroup section */

/* Begin XCBuildConfiguration section */
		CEC1D4DD1C9C651600C29666 /* Debug */ = {
			isa = XCBuildConfiguration;
			buildSettings = {
				ALWAYS_SEARCH_USER_PATHS = NO;
				CLANG_CXX_LANGUAGE_STANDARD = "gnu++0x";
				CLANG_CXX_LIBRARY = "libc++";
				CLANG_ENABLE_MODULES = YES;
				CLANG_ENABLE_OBJC_ARC = YES;
				CLANG_WARN_BOOL_CONVERSION = YES;
				CLANG_WARN_CONSTANT_CONVERSION = YES;
				CLANG_WARN_DIRECT_OBJC_ISA_USAGE = YES_ERROR;
				CLANG_WARN_EMPTY_BODY = YES;
				CLANG_WARN_ENUM_CONVERSION = YES;
				CLANG_WARN_INFINITE_RECURSION = YES;
				CLANG_WARN_INT_CONVERSION = YES;
				CLANG_WARN_OBJC_ROOT_CLASS = YES_ERROR;
				CLANG_WARN_SUSPICIOUS_MOVE = YES;
				CLANG_WARN_UNREACHABLE_CODE = YES;
				CLANG_WARN__DUPLICATE_METHOD_MATCH = YES;
				CODE_SIGN_IDENTITY = "iPhone Developer";
				"CODE_SIGN_IDENTITY[sdk=iphoneos*]" = "iPhone Developer";
				COPY_PHASE_STRIP = NO;
				DEBUG_INFORMATION_FORMAT = dwarf;
				ENABLE_STRICT_OBJC_MSGSEND = YES;
				ENABLE_TESTABILITY = YES;
				GCC_C_LANGUAGE_STANDARD = gnu99;
				GCC_DYNAMIC_NO_PIC = NO;
				GCC_NO_COMMON_BLOCKS = YES;
				GCC_OPTIMIZATION_LEVEL = 0;
				GCC_PREPROCESSOR_DEFINITIONS = (
					"DEBUG=1",
					"$(inherited)",
				);
				GCC_WARN_64_TO_32_BIT_CONVERSION = YES;
				GCC_WARN_ABOUT_RETURN_TYPE = YES_ERROR;
				GCC_WARN_UNDECLARED_SELECTOR = YES;
				GCC_WARN_UNINITIALIZED_AUTOS = YES_AGGRESSIVE;
				GCC_WARN_UNUSED_FUNCTION = YES;
				GCC_WARN_UNUSED_VARIABLE = YES;
				IPHONEOS_DEPLOYMENT_TARGET = 9.2;
				MTL_ENABLE_DEBUG_INFO = YES;
				ONLY_ACTIVE_ARCH = YES;
				SDKROOT = iphoneos;
				SWIFT_OPTIMIZATION_LEVEL = "-Onone";
				TARGETED_DEVICE_FAMILY = "1,2";
			};
			name = Debug;
		};
		CEC1D4DE1C9C651600C29666 /* Release */ = {
			isa = XCBuildConfiguration;
			buildSettings = {
				ALWAYS_SEARCH_USER_PATHS = NO;
				CLANG_CXX_LANGUAGE_STANDARD = "gnu++0x";
				CLANG_CXX_LIBRARY = "libc++";
				CLANG_ENABLE_MODULES = YES;
				CLANG_ENABLE_OBJC_ARC = YES;
				CLANG_WARN_BOOL_CONVERSION = YES;
				CLANG_WARN_CONSTANT_CONVERSION = YES;
				CLANG_WARN_DIRECT_OBJC_ISA_USAGE = YES_ERROR;
				CLANG_WARN_EMPTY_BODY = YES;
				CLANG_WARN_ENUM_CONVERSION = YES;
				CLANG_WARN_INFINITE_RECURSION = YES;
				CLANG_WARN_INT_CONVERSION = YES;
				CLANG_WARN_OBJC_ROOT_CLASS = YES_ERROR;
				CLANG_WARN_SUSPICIOUS_MOVE = YES;
				CLANG_WARN_UNREACHABLE_CODE = YES;
				CLANG_WARN__DUPLICATE_METHOD_MATCH = YES;
				CODE_SIGN_IDENTITY = "iPhone Developer";
				"CODE_SIGN_IDENTITY[sdk=iphoneos*]" = "iPhone Developer";
				COPY_PHASE_STRIP = NO;
				DEBUG_INFORMATION_FORMAT = "dwarf-with-dsym";
				ENABLE_NS_ASSERTIONS = NO;
				ENABLE_STRICT_OBJC_MSGSEND = YES;
				GCC_C_LANGUAGE_STANDARD = gnu99;
				GCC_NO_COMMON_BLOCKS = YES;
				GCC_WARN_64_TO_32_BIT_CONVERSION = YES;
				GCC_WARN_ABOUT_RETURN_TYPE = YES_ERROR;
				GCC_WARN_UNDECLARED_SELECTOR = YES;
				GCC_WARN_UNINITIALIZED_AUTOS = YES_AGGRESSIVE;
				GCC_WARN_UNUSED_FUNCTION = YES;
				GCC_WARN_UNUSED_VARIABLE = YES;
				IPHONEOS_DEPLOYMENT_TARGET = 9.2;
				MTL_ENABLE_DEBUG_INFO = NO;
				SDKROOT = iphoneos;
				SWIFT_OPTIMIZATION_LEVEL = "-Owholemodule";
				TARGETED_DEVICE_FAMILY = "1,2";
				VALIDATE_PRODUCT = YES;
			};
			name = Release;
		};
		CEC1D4E01C9C651600C29666 /* Debug */ = {
			isa = XCBuildConfiguration;
			buildSettings = {
				ASSETCATALOG_COMPILER_APPICON_NAME = AppIcon;
				CLANG_ENABLE_MODULES = YES;
				CODE_SIGN_IDENTITY = "iPhone Developer";
				INFOPLIST_FILE = "Note Master 9000/Info.plist";
				LD_RUNPATH_SEARCH_PATHS = "$(inherited) @executable_path/Frameworks";
				PRODUCT_BUNDLE_IDENTIFIER = "com.mattijah.Note-Master-9000";
				PRODUCT_NAME = "$(TARGET_NAME)";
				SWIFT_OBJC_BRIDGING_HEADER = "";
				SWIFT_OPTIMIZATION_LEVEL = "-Onone";
				SWIFT_VERSION = 3.0;
			};
			name = Debug;
		};
		CEC1D4E11C9C651600C29666 /* Release */ = {
			isa = XCBuildConfiguration;
			buildSettings = {
				ASSETCATALOG_COMPILER_APPICON_NAME = AppIcon;
				CLANG_ENABLE_MODULES = YES;
				CODE_SIGN_IDENTITY = "iPhone Developer";
				INFOPLIST_FILE = "Note Master 9000/Info.plist";
				LD_RUNPATH_SEARCH_PATHS = "$(inherited) @executable_path/Frameworks";
				PRODUCT_BUNDLE_IDENTIFIER = "com.mattijah.Note-Master-9000";
				PRODUCT_NAME = "$(TARGET_NAME)";
				SWIFT_OBJC_BRIDGING_HEADER = "";
				SWIFT_VERSION = 3.0;
			};
			name = Release;
		};
/* End XCBuildConfiguration section */

/* Begin XCConfigurationList section */
		CEC1D4AF1C9C651600C29666 /* Build configuration list for PBXProject "Note Master 9000" */ = {
			isa = XCConfigurationList;
			buildConfigurations = (
				CEC1D4DD1C9C651600C29666 /* Debug */,
				CEC1D4DE1C9C651600C29666 /* Release */,
			);
			defaultConfigurationIsVisible = 0;
			defaultConfigurationName = Release;
		};
		CEC1D4DF1C9C651600C29666 /* Build configuration list for PBXNativeTarget "Note Master 9000" */ = {
			isa = XCConfigurationList;
			buildConfigurations = (
				CEC1D4E01C9C651600C29666 /* Debug */,
				CEC1D4E11C9C651600C29666 /* Release */,
			);
			defaultConfigurationIsVisible = 0;
			defaultConfigurationName = Release;
		};
/* End XCConfigurationList section */
	};
	rootObject = CEC1D4AC1C9C651600C29666 /* Project object */;
}
